lockfileVersion: 5.3

specifiers:
  '@types/webextension-polyfill': ^0.8.0
  esbuild: ^0.12.25

devDependencies:
  '@types/webextension-polyfill': 0.8.0
  esbuild: 0.12.25

packages:

  /@types/webextension-polyfill/0.8.0:
    resolution: {integrity: sha512-usmQx2snpNkVl2VoOGZCdrPnfHL+CjuSFy84ZdTwQ2b2cvyygF/zGW5YI6Zywk+bfq9zmYpORO9lmdN7DknpRw==}
    dev: true

  /esbuild/0.12.25:
    resolution: {integrity: sha512-woie0PosbRSoN8gQytrdCzUbS2ByKgO8nD1xCZkEup3D9q92miCze4PqEI9TZDYAuwn6CruEnQpJxgTRWdooAg==}
    hasBin: true
    requiresBuild: true
    dev: true
